
Microsoft Visual Studio Solution File, Format Version 12.00
# Visual Studio Version 17
VisualStudioVersion = 17.0.31611.283
MinimumVisualStudioVersion = 10.0.40219.1
Project("{9A19103F-16F7-4668-BE54-9A1E7A4F7556}") = "ActressLibrary.Maui", "ActressLibrary.Maui\ActressLibrary.Maui.csproj", "{DE783EA9-C519-4C94-9EF0-D2720BEB0FF6}"
EndProject
Project("{FAE04EC0-301F-11D3-BF4B-00C04F79EFBC}") = "ActressLibrary.Core", "ActressLibrary.Core\ActressLibrary.Core.csproj", "{CA00F636-F76C-4BC6-A1BF-58EC95870E2B}"
EndProject
Project("{FAE04EC0-301F-11D3-BF4B-00C04F79EFBC}") = "ActressLibrary.Infrastructure", "ActressLibrary.Infrastructure\ActressLibrary.Infrastructure.csproj", "{9794236C-635A-465B-A19D-7EC3BD873CA7}"
EndProject
Global
	GlobalSection(SolutionConfigurationPlatforms) = preSolution
		Debug|Any CPU = Debug|Any CPU
		Release|Any CPU = Release|Any CPU
	EndGlobalSection
	GlobalSection(ProjectConfigurationPlatforms) = postSolution
		{DE783EA9-C519-4C94-9EF0-D2720BEB0FF6}.Debug|Any CPU.ActiveCfg = Debug|Any CPU
		{DE783EA9-C519-4C94-9EF0-D2720BEB0FF6}.Debug|Any CPU.Build.0 = Debug|Any CPU
		{DE783EA9-C519-4C94-9EF0-D2720BEB0FF6}.Debug|Any CPU.Deploy.0 = Debug|Any CPU
		{DE783EA9-C519-4C94-9EF0-D2720BEB0FF6}.Release|Any CPU.ActiveCfg = Release|Any CPU
		{DE783EA9-C519-4C94-9EF0-D2720BEB0FF6}.Release|Any CPU.Build.0 = Release|Any CPU
		{DE783EA9-C519-4C94-9EF0-D2720BEB0FF6}.Release|Any CPU.Deploy.0 = Release|Any CPU
		{CA00F636-F76C-4BC6-A1BF-58EC95870E2B}.Debug|Any CPU.ActiveCfg = Debug|Any CPU
		{CA00F636-F76C-4BC6-A1BF-58EC95870E2B}.Debug|Any CPU.Build.0 = Debug|Any CPU
		{CA00F636-F76C-4BC6-A1BF-58EC95870E2B}.Release|Any CPU.ActiveCfg = Release|Any CPU
		{CA00F636-F76C-4BC6-A1BF-58EC95870E2B}.Release|Any CPU.Build.0 = Release|Any CPU
		{9794236C-635A-465B-A19D-7EC3BD873CA7}.Debug|Any CPU.ActiveCfg = Debug|Any CPU
		{9794236C-635A-465B-A19D-7EC3BD873CA7}.Debug|Any CPU.Build.0 = Debug|Any CPU
		{9794236C-635A-465B-A19D-7EC3BD873CA7}.Release|Any CPU.ActiveCfg = Release|Any CPU
		{9794236C-635A-465B-A19D-7EC3BD873CA7}.Release|Any CPU.Build.0 = Release|Any CPU
	EndGlobalSection
	GlobalSection(SolutionProperties) = preSolution
		HideSolutionNode = FALSE
	EndGlobalSection
	GlobalSection(ExtensibilityGlobals) = postSolution
		SolutionGuid = {61F7FB11-1E47-470C-91E2-47F8143E1572}
	EndGlobalSection
EndGlobal
