
Microsoft Visual Studio Solution File, Format Version 12.00
# Visual Studio Version 17
VisualStudioVersion = 17.14.36301.6
MinimumVisualStudioVersion = 10.0.40219.1
Project("{FAE04EC0-301F-11D3-BF4B-00C04F79EFBC}") = "RobotSDK.Android.Binding", "RobotSDK.Android.Binding\RobotSDK.Android.Binding.csproj", "{03A1F50E-6F30-5084-E3F2-C6FE0A38F299}"
EndProject
Project("{FAE04EC0-301F-11D3-BF4B-00C04F79EFBC}") = "RuxRobot", "RuxRobot\RuxRobot.csproj", "{19C3FC42-CEB5-AE78-BCE7-6C41AB8394CE}"
EndProject
Global
	GlobalSection(SolutionConfigurationPlatforms) = preSolution
		Debug|Any CPU = Debug|Any CPU
		Release|Any CPU = Release|Any CPU
	EndGlobalSection
	GlobalSection(ProjectConfigurationPlatforms) = postSolution
		{03A1F50E-6F30-5084-E3F2-C6FE0A38F299}.Debug|Any CPU.ActiveCfg = Debug|Any CPU
		{03A1F50E-6F30-5084-E3F2-C6FE0A38F299}.Debug|Any CPU.Build.0 = Debug|Any CPU
		{03A1F50E-6F30-5084-E3F2-C6FE0A38F299}.Release|Any CPU.ActiveCfg = Release|Any CPU
		{03A1F50E-6F30-5084-E3F2-C6FE0A38F299}.Release|Any CPU.Build.0 = Release|Any CPU
		{19C3FC42-CEB5-AE78-BCE7-6C41AB8394CE}.Debug|Any CPU.ActiveCfg = Debug|Any CPU
		{19C3FC42-CEB5-AE78-BCE7-6C41AB8394CE}.Debug|Any CPU.Build.0 = Debug|Any CPU
		{19C3FC42-CEB5-AE78-BCE7-6C41AB8394CE}.Debug|Any CPU.Deploy.0 = Debug|Any CPU
		{19C3FC42-CEB5-AE78-BCE7-6C41AB8394CE}.Release|Any CPU.ActiveCfg = Release|Any CPU
		{19C3FC42-CEB5-AE78-BCE7-6C41AB8394CE}.Release|Any CPU.Build.0 = Release|Any CPU
	EndGlobalSection
	GlobalSection(SolutionProperties) = preSolution
		HideSolutionNode = FALSE
	EndGlobalSection
	GlobalSection(ExtensibilityGlobals) = postSolution
		SolutionGuid = {9D20602D-3872-40A9-854F-CD5F89028E13}
	EndGlobalSection
EndGlobal
