
Microsoft Visual Studio Solution File, Format Version 12.00
# Visual Studio Version 17
VisualStudioVersion = 17.14.36301.6 d17.14
MinimumVisualStudioVersion = 10.0.40219.1
Project("{FAE04EC0-301F-11D3-BF4B-00C04F79EFBC}") = "LottieEmojisPlayer", "LottieEmojisPlayer\LottieEmojisPlayer.csproj", "{93588EF2-2987-4A6E-B8F4-CD07FE119F20}"
EndProject
Global
	GlobalSection(SolutionConfigurationPlatforms) = preSolution
		Debug|Any CPU = Debug|Any CPU
		Release|Any CPU = Release|Any CPU
	EndGlobalSection
	GlobalSection(ProjectConfigurationPlatforms) = postSolution
		{93588EF2-2987-4A6E-B8F4-CD07FE119F20}.Debug|Any CPU.ActiveCfg = Debug|Any CPU
		{93588EF2-2987-4A6E-B8F4-CD07FE119F20}.Debug|Any CPU.Build.0 = Debug|Any CPU
		{93588EF2-2987-4A6E-B8F4-CD07FE119F20}.Release|Any CPU.ActiveCfg = Release|Any CPU
		{93588EF2-2987-4A6E-B8F4-CD07FE119F20}.Release|Any CPU.Build.0 = Release|Any CPU
	EndGlobalSection
	GlobalSection(SolutionProperties) = preSolution
		HideSolutionNode = FALSE
	EndGlobalSection
	GlobalSection(ExtensibilityGlobals) = postSolution
		SolutionGuid = {E01225CD-D671-4BA4-BA61-645A67BF238C}
	EndGlobalSection
EndGlobal
